
Microsoft Visual Studio Solution File, Format Version 12.00
# Visual Studio 2012
Project("{FAE04EC0-301F-11D3-BF4B-00C04F79EFBC}") = "calculator-service", "calculator-service\calculator-service.csproj", "{D1CFB01C-C69A-4F1A-B2DB-ACCE68B53623}"
EndProject
Project("{FAE04EC0-301F-11D3-BF4B-00C04F79EFBC}") = "calculator-service-host", "calculator-service-host\calculator-service-host.csproj", "{1B50DC5C-9A42-4F21-8FAF-9010AC3B8C83}"
EndProject
Project("{FAE04EC0-301F-11D3-BF4B-00C04F79EFBC}") = "calculator-service-client", "calculator-service-client\calculator-service-client.csproj", "{73818C66-4A1D-4F3C-8A56-32C5931C5CCF}"
EndProject
Project("{FAE04EC0-301F-11D3-BF4B-00C04F79EFBC}") = "bindings-demo-service-host", "bindings-demo-service-host\bindings-demo-service-host.csproj", "{529FFDE0-FCE7-4D67-9031-20064A871694}"
EndProject
Project("{FAE04EC0-301F-11D3-BF4B-00C04F79EFBC}") = "bindings-demo-service-client", "bindings-demo-service-client\bindings-demo-service-client.csproj", "{B3AFFB42-E605-4391-9291-C4C19075E1BE}"
EndProject
Global
	GlobalSection(SolutionConfigurationPlatforms) = preSolution
		Debug|Any CPU = Debug|Any CPU
		Release|Any CPU = Release|Any CPU
	EndGlobalSection
	GlobalSection(ProjectConfigurationPlatforms) = postSolution
		{D1CFB01C-C69A-4F1A-B2DB-ACCE68B53623}.Debug|Any CPU.ActiveCfg = Debug|Any CPU
		{D1CFB01C-C69A-4F1A-B2DB-ACCE68B53623}.Debug|Any CPU.Build.0 = Debug|Any CPU
		{D1CFB01C-C69A-4F1A-B2DB-ACCE68B53623}.Release|Any CPU.ActiveCfg = Release|Any CPU
		{D1CFB01C-C69A-4F1A-B2DB-ACCE68B53623}.Release|Any CPU.Build.0 = Release|Any CPU
		{1B50DC5C-9A42-4F21-8FAF-9010AC3B8C83}.Debug|Any CPU.ActiveCfg = Debug|Any CPU
		{1B50DC5C-9A42-4F21-8FAF-9010AC3B8C83}.Debug|Any CPU.Build.0 = Debug|Any CPU
		{1B50DC5C-9A42-4F21-8FAF-9010AC3B8C83}.Release|Any CPU.ActiveCfg = Release|Any CPU
		{1B50DC5C-9A42-4F21-8FAF-9010AC3B8C83}.Release|Any CPU.Build.0 = Release|Any CPU
		{73818C66-4A1D-4F3C-8A56-32C5931C5CCF}.Debug|Any CPU.ActiveCfg = Debug|Any CPU
		{73818C66-4A1D-4F3C-8A56-32C5931C5CCF}.Debug|Any CPU.Build.0 = Debug|Any CPU
		{73818C66-4A1D-4F3C-8A56-32C5931C5CCF}.Release|Any CPU.ActiveCfg = Release|Any CPU
		{73818C66-4A1D-4F3C-8A56-32C5931C5CCF}.Release|Any CPU.Build.0 = Release|Any CPU
		{529FFDE0-FCE7-4D67-9031-20064A871694}.Debug|Any CPU.ActiveCfg = Debug|Any CPU
		{529FFDE0-FCE7-4D67-9031-20064A871694}.Debug|Any CPU.Build.0 = Debug|Any CPU
		{529FFDE0-FCE7-4D67-9031-20064A871694}.Release|Any CPU.ActiveCfg = Release|Any CPU
		{529FFDE0-FCE7-4D67-9031-20064A871694}.Release|Any CPU.Build.0 = Release|Any CPU
		{B3AFFB42-E605-4391-9291-C4C19075E1BE}.Debug|Any CPU.ActiveCfg = Debug|Any CPU
		{B3AFFB42-E605-4391-9291-C4C19075E1BE}.Debug|Any CPU.Build.0 = Debug|Any CPU
		{B3AFFB42-E605-4391-9291-C4C19075E1BE}.Release|Any CPU.ActiveCfg = Release|Any CPU
		{B3AFFB42-E605-4391-9291-C4C19075E1BE}.Release|Any CPU.Build.0 = Release|Any CPU
	EndGlobalSection
	GlobalSection(SolutionProperties) = preSolution
		HideSolutionNode = FALSE
	EndGlobalSection
EndGlobal
